// !$*UTF8*$!
{
	archiveVersion = 1;
	classes = {
	};
	objectVersion = 46;
	objects = {

/* Begin PBXBuildFile section */
		D86B10EA1A810FB10066E529 /* AppDelegate.swift in Sources */ = {isa = PBXBuildFile; fileRef = D86B10E91A810FB10066E529 /* AppDelegate.swift */; };
		D86B10EC1A810FB10066E529 /* ViewController.swift in Sources */ = {isa = PBXBuildFile; fileRef = D86B10EB1A810FB10066E529 /* ViewController.swift */; };
		D86B10EF1A810FB10066E529 /* Main.storyboard in Resources */ = {isa = PBXBuildFile; fileRef = D86B10ED1A810FB10066E529 /* Main.storyboard */; };
		D86B10F11A810FB10066E529 /* Images.xcassets in Resources */ = {isa = PBXBuildFile; fileRef = D86B10F01A810FB10066E529 /* Images.xcassets */; };
		D86B10F41A810FB10066E529 /* LaunchScreen.xib in Resources */ = {isa = PBXBuildFile; fileRef = D86B10F21A810FB10066E529 /* LaunchScreen.xib */; };
		D86B11001A810FB10066E529 /* SeatShareTests.swift in Sources */ = {isa = PBXBuildFile; fileRef = D86B10FF1A810FB10066E529 /* SeatShareTests.swift */; };
/* End PBXBuildFile section */

/* Begin PBXContainerItemProxy section */
		D86B10FA1A810FB10066E529 /* PBXContainerItemProxy */ = {
			isa = PBXContainerItemProxy;
			containerPortal = D86B10DC1A810FB10066E529 /* Project object */;
			proxyType = 1;
			remoteGlobalIDString = D86B10E31A810FB10066E529;
			remoteInfo = SeatShare;
		};
/* End PBXContainerItemProxy section */

/* Begin PBXFileReference section */
		D86B10E41A810FB10066E529 /* SeatShare.app */ = {isa = PBXFileReference; explicitFileType = wrapper.application; includeInIndex = 0; path = SeatShare.app; sourceTree = BUILT_PRODUCTS_DIR; };
		D86B10E81A810FB10066E529 /* Info.plist */ = {isa = PBXFileReference; lastKnownFileType = text.plist.xml; path = Info.plist; sourceTree = "<group>"; };
		D86B10E91A810FB10066E529 /* AppDelegate.swift */ = {isa = PBXFileReference; lastKnownFileType = sourcecode.swift; path = AppDelegate.swift; sourceTree = "<group>"; };
		D86B10EB1A810FB10066E529 /* ViewController.swift */ = {isa = PBXFileReference; lastKnownFileType = sourcecode.swift; path = ViewController.swift; sourceTree = "<group>"; };
		D86B10EE1A810FB10066E529 /* Base */ = {isa = PBXFileReference; lastKnownFileType = file.storyboard; name = Base; path = Base.lproj/Main.storyboard; sourceTree = "<group>"; };
		D86B10F01A810FB10066E529 /* Images.xcassets */ = {isa = PBXFileReference; lastKnownFileType = folder.assetcatalog; path = Images.xcassets; sourceTree = "<group>"; };
		D86B10F31A810FB10066E529 /* Base */ = {isa = PBXFileReference; lastKnownFileType = file.xib; name = Base; path = Base.lproj/LaunchScreen.xib; sourceTree = "<group>"; };
		D86B10F91A810FB10066E529 /* SeatShareTests.xctest */ = {isa = PBXFileReference; explicitFileType = wrapper.cfbundle; includeInIndex = 0; path = SeatShareTests.xctest; sourceTree = BUILT_PRODUCTS_DIR; };
		D86B10FE1A810FB10066E529 /* Info.plist */ = {isa = PBXFileReference; lastKnownFileType = text.plist.xml; path = Info.plist; sourceTree = "<group>"; };
		D86B10FF1A810FB10066E529 /* SeatShareTests.swift */ = {isa = PBXFileReference; lastKnownFileType = sourcecode.swift; path = SeatShareTests.swift; sourceTree = "<group>"; };
/* End PBXFileReference section */

/* Begin PBXFrameworksBuildPhase section */
		D86B10E11A810FB10066E529 /* Frameworks */ = {
			isa = PBXFrameworksBuildPhase;
			buildActionMask = 2147483647;
			files = (
			);
			runOnlyForDeploymentPostprocessing = 0;
		};
		D86B10F61A810FB10066E529 /* Frameworks */ = {
			isa = PBXFrameworksBuildPhase;
			buildActionMask = 2147483647;
			files = (
			);
			runOnlyForDeploymentPostprocessing = 0;
		};
/* End PBXFrameworksBuildPhase section */

/* Begin PBXGroup section */
		D86B10DB1A810FB10066E529 = {
			isa = PBXGroup;
			children = (
				D86B10E61A810FB10066E529 /* SeatShare */,
				D86B10FC1A810FB10066E529 /* SeatShareTests */,
				D86B10E51A810FB10066E529 /* Products */,
			);
			sourceTree = "<group>";
		};
		D86B10E51A810FB10066E529 /* Products */ = {
			isa = PBXGroup;
			children = (
				D86B10E41A810FB10066E529 /* SeatShare.app */,
				D86B10F91A810FB10066E529 /* SeatShareTests.xctest */,
			);
			name = Products;
			sourceTree = "<group>";
		};
		D86B10E61A810FB10066E529 /* SeatShare */ = {
			isa = PBXGroup;
			children = (
				D86B10E91A810FB10066E529 /* AppDelegate.swift */,
				D86B10EB1A810FB10066E529 /* ViewController.swift */,
				D86B10ED1A810FB10066E529 /* Main.storyboard */,
				D86B10F01A810FB10066E529 /* Images.xcassets */,
				D86B10F21A810FB10066E529 /* LaunchScreen.xib */,
				D86B10E71A810FB10066E529 /* Supporting Files */,
			);
			path = SeatShare;
			sourceTree = "<group>";
		};
		D86B10E71A810FB10066E529 /* Supporting Files */ = {
			isa = PBXGroup;
			children = (
				D86B10E81A810FB10066E529 /* Info.plist */,
			);
			name = "Supporting Files";
			sourceTree = "<group>";
		};
		D86B10FC1A810FB10066E529 /* SeatShareTests */ = {
			isa = PBXGroup;
			children = (
				D86B10FF1A810FB10066E529 /* SeatShareTests.swift */,
				D86B10FD1A810FB10066E529 /* Supporting Files */,
			);
			path = SeatShareTests;
			sourceTree = "<group>";
		};
		D86B10FD1A810FB10066E529 /* Supporting Files */ = {
			isa = PBXGroup;
			children = (
				D86B10FE1A810FB10066E529 /* Info.plist */,
			);
			name = "Supporting Files";
			sourceTree = "<group>";
		};
/* End PBXGroup section */

/* Begin PBXNativeTarget section */
		D86B10E31A810FB10066E529 /* SeatShare */ = {
			isa = PBXNativeTarget;
			buildConfigurationList = D86B11031A810FB10066E529 /* Build configuration list for PBXNativeTarget "SeatShare" */;
			buildPhases = (
				D86B10E01A810FB10066E529 /* Sources */,
				D86B10E11A810FB10066E529 /* Frameworks */,
				D86B10E21A810FB10066E529 /* Resources */,
			);
			buildRules = (
			);
			dependencies = (
			);
			name = SeatShare;
			productName = SeatShare;
			productReference = D86B10E41A810FB10066E529 /* SeatShare.app */;
			productType = "com.apple.product-type.application";
		};
		D86B10F81A810FB10066E529 /* SeatShareTests */ = {
			isa = PBXNativeTarget;
			buildConfigurationList = D86B11061A810FB10066E529 /* Build configuration list for PBXNativeTarget "SeatShareTests" */;
			buildPhases = (
				D86B10F51A810FB10066E529 /* Sources */,
				D86B10F61A810FB10066E529 /* Frameworks */,
				D86B10F71A810FB10066E529 /* Resources */,
			);
			buildRules = (
			);
			dependencies = (
				D86B10FB1A810FB10066E529 /* PBXTargetDependency */,
			);
			name = SeatShareTests;
			productName = SeatShareTests;
			productReference = D86B10F91A810FB10066E529 /* SeatShareTests.xctest */;
			productType = "com.apple.product-type.bundle.unit-test";
		};
/* End PBXNativeTarget section */

/* Begin PBXProject section */
		D86B10DC1A810FB10066E529 /* Project object */ = {
			isa = PBXProject;
			attributes = {
				LastUpgradeCheck = 0610;
				ORGANIZATIONNAME = "Max McChesney";
				TargetAttributes = {
					D86B10E31A810FB10066E529 = {
						CreatedOnToolsVersion = 6.1.1;
					};
					D86B10F81A810FB10066E529 = {
						CreatedOnToolsVersion = 6.1.1;
						TestTargetID = D86B10E31A810FB10066E529;
					};
				};
			};
			buildConfigurationList = D86B10DF1A810FB10066E529 /* Build configuration list for PBXProject "SeatShare" */;
			compatibilityVersion = "Xcode 3.2";
			developmentRegion = English;
			hasScannedForEncodings = 0;
			knownRegions = (
				en,
				Base,
			);
			mainGroup = D86B10DB1A810FB10066E529;
			productRefGroup = D86B10E51A810FB10066E529 /* Products */;
			projectDirPath = "";
			projectRoot = "";
			targets = (
				D86B10E31A810FB10066E529 /* SeatShare */,
				D86B10F81A810FB10066E529 /* SeatShareTests */,
			);
		};
/* End PBXProject section */

/* Begin PBXResourcesBuildPhase section */
		D86B10E21A810FB10066E529 /* Resources */ = {
			isa = PBXResourcesBuildPhase;
			buildActionMask = 2147483647;
			files = (
				D86B10EF1A810FB10066E529 /* Main.storyboard in Resources */,
				D86B10F41A810FB10066E529 /* LaunchScreen.xib in Resources */,
				D86B10F11A810FB10066E529 /* Images.xcassets in Resources */,
			);
			runOnlyForDeploymentPostprocessing = 0;
		};
		D86B10F71A810FB10066E529 /* Resources */ = {
			isa = PBXResourcesBuildPhase;
			buildActionMask = 2147483647;
			files = (
			);
			runOnlyForDeploymentPostprocessing = 0;
		};
/* End PBXResourcesBuildPhase section */

/* Begin PBXSourcesBuildPhase section */
		D86B10E01A810FB10066E529 /* Sources */ = {
			isa = PBXSourcesBuildPhase;
			buildActionMask = 2147483647;
			files = (
				D86B10EC1A810FB10066E529 /* ViewController.swift in Sources */,
				D86B10EA1A810FB10066E529 /* AppDelegate.swift in Sources */,
			);
			runOnlyForDeploymentPostprocessing = 0;
		};
		D86B10F51A810FB10066E529 /* Sources */ = {
			isa = PBXSourcesBuildPhase;
			buildActionMask = 2147483647;
			files = (
				D86B11001A810FB10066E529 /* SeatShareTests.swift in Sources */,
			);
			runOnlyForDeploymentPostprocessing = 0;
		};
/* End PBXSourcesBuildPhase section */

/* Begin PBXTargetDependency section */
		D86B10FB1A810FB10066E529 /* PBXTargetDependency */ = {
			isa = PBXTargetDependency;
			target = D86B10E31A810FB10066E529 /* SeatShare */;
			targetProxy = D86B10FA1A810FB10066E529 /* PBXContainerItemProxy */;
		};
/* End PBXTargetDependency section */

/* Begin PBXVariantGroup section */
		D86B10ED1A810FB10066E529 /* Main.storyboard */ = {
			isa = PBXVariantGroup;
			children = (
				D86B10EE1A810FB10066E529 /* Base */,
			);
			name = Main.storyboard;
			sourceTree = "<group>";
		};
		D86B10F21A810FB10066E529 /* LaunchScreen.xib */ = {
			isa = PBXVariantGroup;
			children = (
				D86B10F31A810FB10066E529 /* Base */,
			);
			name = LaunchScreen.xib;
			sourceTree = "<group>";
		};
/* End PBXVariantGroup section */

/* Begin XCBuildConfiguration section */
		D86B11011A810FB10066E529 /* Debug */ = {
			isa = XCBuildConfiguration;
			buildSettings = {
				ALWAYS_SEARCH_USER_PATHS = NO;
				CLANG_CXX_LANGUAGE_STANDARD = "gnu++0x";
				CLANG_CXX_LIBRARY = "libc++";
				CLANG_ENABLE_MODULES = YES;
				CLANG_ENABLE_OBJC_ARC = YES;
				CLANG_WARN_BOOL_CONVERSION = YES;
				CLANG_WARN_CONSTANT_CONVERSION = YES;
				CLANG_WARN_DIRECT_OBJC_ISA_USAGE = YES_ERROR;
				CLANG_WARN_EMPTY_BODY = YES;
				CLANG_WARN_ENUM_CONVERSION = YES;
				CLANG_WARN_INT_CONVERSION = YES;
				CLANG_WARN_OBJC_ROOT_CLASS = YES_ERROR;
				CLANG_WARN_UNREACHABLE_CODE = YES;
				CLANG_WARN__DUPLICATE_METHOD_MATCH = YES;
				"CODE_SIGN_IDENTITY[sdk=iphoneos*]" = "iPhone Developer";
				COPY_PHASE_STRIP = NO;
				ENABLE_STRICT_OBJC_MSGSEND = YES;
				GCC_C_LANGUAGE_STANDARD = gnu99;
				GCC_DYNAMIC_NO_PIC = NO;
				GCC_OPTIMIZATION_LEVEL = 0;
				GCC_PREPROCESSOR_DEFINITIONS = (
					"DEBUG=1",
					"$(inherited)",
				);
				GCC_SYMBOLS_PRIVATE_EXTERN = NO;
				GCC_WARN_64_TO_32_BIT_CONVERSION = YES;
				GCC_WARN_ABOUT_RETURN_TYPE = YES_ERROR;
				GCC_WARN_UNDECLARED_SELECTOR = YES;
				GCC_WARN_UNINITIALIZED_AUTOS = YES_AGGRESSIVE;
				GCC_WARN_UNUSED_FUNCTION = YES;
				GCC_WARN_UNUSED_VARIABLE = YES;
				IPHONEOS_DEPLOYMENT_TARGET = 8.1;
				MTL_ENABLE_DEBUG_INFO = YES;
				ONLY_ACTIVE_ARCH = YES;
				SDKROOT = iphoneos;
				SWIFT_OPTIMIZATION_LEVEL = "-Onone";
			};
			name = Debug;
		};
		D86B11021A810FB10066E529 /* Release */ = {
			isa = XCBuildConfiguration;
			buildSettings = {
				ALWAYS_SEARCH_USER_PATHS = NO;
				CLANG_CXX_LANGUAGE_STANDARD = "gnu++0x";
				CLANG_CXX_LIBRARY = "libc++";
				CLANG_ENABLE_MODULES = YES;
				CLANG_ENABLE_OBJC_ARC = YES;
				CLANG_WARN_BOOL_CONVERSION = YES;
				CLANG_WARN_CONSTANT_CONVERSION = YES;
				CLANG_WARN_DIRECT_OBJC_ISA_USAGE = YES_ERROR;
				CLANG_WARN_EMPTY_BODY = YES;
				CLANG_WARN_ENUM_CONVERSION = YES;
				CLANG_WARN_INT_CONVERSION = YES;
				CLANG_WARN_OBJC_ROOT_CLASS = YES_ERROR;
				CLANG_WARN_UNREACHABLE_CODE = YES;
				CLANG_WARN__DUPLICATE_METHOD_MATCH = YES;
				"CODE_SIGN_IDENTITY[sdk=iphoneos*]" = "iPhone Developer";
				COPY_PHASE_STRIP = YES;
				ENABLE_NS_ASSERTIONS = NO;
				ENABLE_STRICT_OBJC_MSGSEND = YES;
				GCC_C_LANGUAGE_STANDARD = gnu99;
				GCC_WARN_64_TO_32_BIT_CONVERSION = YES;
				GCC_WARN_ABOUT_RETURN_TYPE = YES_ERROR;
				GCC_WARN_UNDECLARED_SELECTOR = YES;
				GCC_WARN_UNINITIALIZED_AUTOS = YES_AGGRESSIVE;
				GCC_WARN_UNUSED_FUNCTION = YES;
				GCC_WARN_UNUSED_VARIABLE = YES;
				IPHONEOS_DEPLOYMENT_TARGET = 8.1;
				MTL_ENABLE_DEBUG_INFO = NO;
				SDKROOT = iphoneos;
				VALIDATE_PRODUCT = YES;
			};
			name = Release;
		};
		D86B11041A810FB10066E529 /* Debug */ = {
			isa = XCBuildConfiguration;
			buildSettings = {
				ASSETCATALOG_COMPILER_APPICON_NAME = AppIcon;
				INFOPLIST_FILE = SeatShare/Info.plist;
				LD_RUNPATH_SEARCH_PATHS = "$(inherited) @executable_path/Frameworks";
				PRODUCT_NAME = "$(TARGET_NAME)";
			};
			name = Debug;
		};
		D86B11051A810FB10066E529 /* Release */ = {
			isa = XCBuildConfiguration;
			buildSettings = {
				ASSETCATALOG_COMPILER_APPICON_NAME = AppIcon;
				INFOPLIST_FILE = SeatShare/Info.plist;
				LD_RUNPATH_SEARCH_PATHS = "$(inherited) @executable_path/Frameworks";
				PRODUCT_NAME = "$(TARGET_NAME)";
			};
			name = Release;
		};
		D86B11071A810FB10066E529 /* Debug */ = {
			isa = XCBuildConfiguration;
			buildSettings = {
				BUNDLE_LOADER = "$(TEST_HOST)";
				FRAMEWORK_SEARCH_PATHS = (
					"$(SDKROOT)/Developer/Library/Frameworks",
					"$(inherited)",
				);
				GCC_PREPROCESSOR_DEFINITIONS = (
					"DEBUG=1",
					"$(inherited)",
				);
				INFOPLIST_FILE = SeatShareTests/Info.plist;
				LD_RUNPATH_SEARCH_PATHS = "$(inherited) @executable_path/Frameworks @loader_path/Frameworks";
				PRODUCT_NAME = "$(TARGET_NAME)";
				TEST_HOST = "$(BUILT_PRODUCTS_DIR)/SeatShare.app/SeatShare";
			};
			name = Debug;
		};
		D86B11081A810FB10066E529 /* Release */ = {
			isa = XCBuildConfiguration;
			buildSettings = {
				BUNDLE_LOADER = "$(TEST_HOST)";
				FRAMEWORK_SEARCH_PATHS = (
					"$(SDKROOT)/Developer/Library/Frameworks",
					"$(inherited)",
				);
				INFOPLIST_FILE = SeatShareTests/Info.plist;
				LD_RUNPATH_SEARCH_PATHS = "$(inherited) @executable_path/Frameworks @loader_path/Frameworks";
				PRODUCT_NAME = "$(TARGET_NAME)";
				TEST_HOST = "$(BUILT_PRODUCTS_DIR)/SeatShare.app/SeatShare";
			};
			name = Release;
		};
/* End XCBuildConfiguration section */

/* Begin XCConfigurationList section */
		D86B10DF1A810FB10066E529 /* Build configuration list for PBXProject "SeatShare" */ = {
			isa = XCConfigurationList;
			buildConfigurations = (
				D86B11011A810FB10066E529 /* Debug */,
				D86B11021A810FB10066E529 /* Release */,
			);
			defaultConfigurationIsVisible = 0;
			defaultConfigurationName = Release;
		};
		D86B11031A810FB10066E529 /* Build configuration list for PBXNativeTarget "SeatShare" */ = {
			isa = XCConfigurationList;
			buildConfigurations = (
				D86B11041A810FB10066E529 /* Debug */,
				D86B11051A810FB10066E529 /* Release */,
			);
			defaultConfigurationIsVisible = 0;
		};
		D86B11061A810FB10066E529 /* Build configuration list for PBXNativeTarget "SeatShareTests" */ = {
			isa = XCConfigurationList;
			buildConfigurations = (
				D86B11071A810FB10066E529 /* Debug */,
				D86B11081A810FB10066E529 /* Release */,
			);
			defaultConfigurationIsVisible = 0;
		};
/* End XCConfigurationList section */
	};
	rootObject = D86B10DC1A810FB10066E529 /* Project object */;
}
